PODS:
  - Capacitor (4.8.1):
    - CapacitorCordova
  - CapacitorCordova (4.8.1)
  - PushNotifications (4.0.0)

DEPENDENCIES:
  - "Capacitor (from `../node_modules/@capacitor/ios`)"
  - "CapacitorCordova (from `../node_modules/@capacitor/ios`)"
  - PushNotifications

SPEC REPOS:
  trunk:
    - PushNotifications

EXTERNAL SOURCES:
  Capacitor:
    :path: "../node_modules/@capacitor/ios"
  CapacitorCordova:
    :path: "../node_modules/@capacitor/ios"

SPEC CHECKSUMS:
  Capacitor: 308aae8142159bfe8ec799fe2bca2342929d7cd9
  CapacitorCordova: 99ca4a6de99c9719a440b4534e4496d284c37503
  PushNotifications: 2b2174b28bf48b1fe552686d1f95c53d62a4781d

PODFILE CHECKSUM: 6a04e19d28c38875e5acf8410083c49bed035055

COCOAPODS: 1.13.0
